{
  "name": "@metuur/claude-live-monitor",
  "version": "0.2.3",
  "lockfileVersion": 3,
  "requires": true,
  "packages": {
    "": {
      "name": "@metuur/claude-live-monitor",
      "version": "0.2.3",
      "license": "MIT",
      "bin": {
        "claude-live-monitor": "bin/cli.js"
      },
      "engines": {
        "node": ">=18"
      }
    }
  }
}
